
Microsoft Visual Studio Solution File, Format Version 12.00
Project("{FAE04EC0-301F-11D3-BF4B-00C04F79EFBC}") = "DragonDen.ModManager", "DragonDen.ModManager.csproj", "{BB499195-071B-479F-B4D4-89410D2FB233}"
EndProject
Global
	GlobalSection(SolutionConfigurationPlatforms) = preSolution
		Debug|Any CPU = Debug|Any CPU
		Release|Any CPU = Release|Any CPU
	EndGlobalSection
	GlobalSection(ProjectConfigurationPlatforms) = postSolution
		{BB499195-071B-479F-B4D4-89410D2FB233}.Debug|Any CPU.ActiveCfg = Debug|Any CPU
		{BB499195-071B-479F-B4D4-89410D2FB233}.Debug|Any CPU.Build.0 = Debug|Any CPU
		{BB499195-071B-479F-B4D4-89410D2FB233}.Release|Any CPU.ActiveCfg = Release|Any CPU
		{BB499195-071B-479F-B4D4-89410D2FB233}.Release|Any CPU.Build.0 = Release|Any CPU
	EndGlobalSection
EndGlobal
